
Microsoft Visual Studio Solution File, Format Version 12.00
# Visual Studio 15
VisualStudioVersion = 15.0.26228.9
MinimumVisualStudioVersion = 10.0.40219.1
Project("{E53339B2-1760-4266-BCC7-CA923CBCF16C}") = "docker-compose", "docker-compose.dcproj", "{5348F1FD-476D-4361-9624-578F8DE422D7}"
EndProject
Project("{2150E333-8FDC-42A3-9474-1A3956D46DE8}") = "src", "src", "{E7A6315B-54E5-436A-86F5-D695F6AADF32}"
EndProject
Project("{2150E333-8FDC-42A3-9474-1A3956D46DE8}") = "Services", "Services", "{0DEFFAEB-9664-40AA-AAA9-46953CDD7399}"
EndProject
Project("{2150E333-8FDC-42A3-9474-1A3956D46DE8}") = "Web Apps", "Web Apps", "{99983B03-46FF-47BF-9DC6-73AAF50B78C7}"
EndProject
Project("{2150E333-8FDC-42A3-9474-1A3956D46DE8}") = "Identity", "Identity", "{6161042F-D991-454B-AD0F-9B1896C983CF}"
EndProject
Project("{9A19103F-16F7-4668-BE54-9A1E7A4F7556}") = "Identity.API", "src\Services\Identity\Identity.API\Identity.API.csproj", "{16431AB4-197D-4819-840C-2F9DA012E0D5}"
EndProject
Project("{2150E333-8FDC-42A3-9474-1A3956D46DE8}") = "Clients", "Clients", "{292FB807-96E8-45E8-A624-3371BF7E56AF}"
EndProject
Project("{2150E333-8FDC-42A3-9474-1A3956D46DE8}") = "Admins", "Admins", "{D92666E4-F1B4-4603-BD71-1904A5036CC7}"
EndProject
Project("{2150E333-8FDC-42A3-9474-1A3956D46DE8}") = "Common", "Common", "{572379A0-D1DD-41DD-B4EB-DE2B1743F002}"
EndProject
Project("{2150E333-8FDC-42A3-9474-1A3956D46DE8}") = "Infrastructure", "Infrastructure", "{8046DC06-1470-42A8-A125-98E18929F21A}"
EndProject
Project("{9A19103F-16F7-4668-BE54-9A1E7A4F7556}") = "Infrastructure", "src\Services\Common\Infrastructure\Infrastructure.csproj", "{BA229781-1D37-4EEE-886F-BDB7272A1978}"
EndProject
Project("{2150E333-8FDC-42A3-9474-1A3956D46DE8}") = "Contractors", "Contractors", "{A487E170-44BF-483E-A7CD-21A7CD2EF976}"
EndProject
Project("{9A19103F-16F7-4668-BE54-9A1E7A4F7556}") = "Contractors.API", "src\Services\Contractors\Contractors.API\Contractors.API.csproj", "{941392A3-5C56-42CA-A43D-C429C23B31AD}"
EndProject
Project("{9A19103F-16F7-4668-BE54-9A1E7A4F7556}") = "Contractors.Infrastructure", "src\Services\Contractors\Contractors.Infrastructure\Contractors.Infrastructure.csproj", "{C2FECB2D-7434-4869-BCEB-9BBE6CBE3706}"
EndProject
Project("{9A19103F-16F7-4668-BE54-9A1E7A4F7556}") = "Contractors.Domain", "src\Services\Contractors\Contractors.Domain\Contractors.Domain.csproj", "{7B636B27-6625-46BF-8528-C4238EB166B9}"
EndProject
Project("{2150E333-8FDC-42A3-9474-1A3956D46DE8}") = "Solution Items", "Solution Items", "{DCCE22C6-4582-475C-A621-60FBB2186068}"
	ProjectSection(SolutionItems) = preProject
		NuGet.config = NuGet.config
	EndProjectSection
EndProject
Global
	GlobalSection(SolutionConfigurationPlatforms) = preSolution
		Debug|Any CPU = Debug|Any CPU
		Release|Any CPU = Release|Any CPU
	EndGlobalSection
	GlobalSection(ProjectConfigurationPlatforms) = postSolution
		{5348F1FD-476D-4361-9624-578F8DE422D7}.Debug|Any CPU.ActiveCfg = Debug|Any CPU
		{5348F1FD-476D-4361-9624-578F8DE422D7}.Debug|Any CPU.Build.0 = Debug|Any CPU
		{5348F1FD-476D-4361-9624-578F8DE422D7}.Release|Any CPU.ActiveCfg = Release|Any CPU
		{5348F1FD-476D-4361-9624-578F8DE422D7}.Release|Any CPU.Build.0 = Release|Any CPU
		{16431AB4-197D-4819-840C-2F9DA012E0D5}.Debug|Any CPU.ActiveCfg = Debug|Any CPU
		{16431AB4-197D-4819-840C-2F9DA012E0D5}.Debug|Any CPU.Build.0 = Debug|Any CPU
		{16431AB4-197D-4819-840C-2F9DA012E0D5}.Release|Any CPU.ActiveCfg = Release|Any CPU
		{16431AB4-197D-4819-840C-2F9DA012E0D5}.Release|Any CPU.Build.0 = Release|Any CPU
		{BA229781-1D37-4EEE-886F-BDB7272A1978}.Debug|Any CPU.ActiveCfg = Debug|Any CPU
		{BA229781-1D37-4EEE-886F-BDB7272A1978}.Debug|Any CPU.Build.0 = Debug|Any CPU
		{BA229781-1D37-4EEE-886F-BDB7272A1978}.Release|Any CPU.ActiveCfg = Release|Any CPU
		{BA229781-1D37-4EEE-886F-BDB7272A1978}.Release|Any CPU.Build.0 = Release|Any CPU
		{941392A3-5C56-42CA-A43D-C429C23B31AD}.Debug|Any CPU.ActiveCfg = Debug|Any CPU
		{941392A3-5C56-42CA-A43D-C429C23B31AD}.Debug|Any CPU.Build.0 = Debug|Any CPU
		{941392A3-5C56-42CA-A43D-C429C23B31AD}.Release|Any CPU.ActiveCfg = Release|Any CPU
		{941392A3-5C56-42CA-A43D-C429C23B31AD}.Release|Any CPU.Build.0 = Release|Any CPU
		{C2FECB2D-7434-4869-BCEB-9BBE6CBE3706}.Debug|Any CPU.ActiveCfg = Debug|Any CPU
		{C2FECB2D-7434-4869-BCEB-9BBE6CBE3706}.Debug|Any CPU.Build.0 = Debug|Any CPU
		{C2FECB2D-7434-4869-BCEB-9BBE6CBE3706}.Release|Any CPU.ActiveCfg = Release|Any CPU
		{C2FECB2D-7434-4869-BCEB-9BBE6CBE3706}.Release|Any CPU.Build.0 = Release|Any CPU
		{7B636B27-6625-46BF-8528-C4238EB166B9}.Debug|Any CPU.ActiveCfg = Debug|Any CPU
		{7B636B27-6625-46BF-8528-C4238EB166B9}.Debug|Any CPU.Build.0 = Debug|Any CPU
		{7B636B27-6625-46BF-8528-C4238EB166B9}.Release|Any CPU.ActiveCfg = Release|Any CPU
		{7B636B27-6625-46BF-8528-C4238EB166B9}.Release|Any CPU.Build.0 = Release|Any CPU
	EndGlobalSection
	GlobalSection(SolutionProperties) = preSolution
		HideSolutionNode = FALSE
	EndGlobalSection
	GlobalSection(NestedProjects) = preSolution
		{0DEFFAEB-9664-40AA-AAA9-46953CDD7399} = {E7A6315B-54E5-436A-86F5-D695F6AADF32}
		{99983B03-46FF-47BF-9DC6-73AAF50B78C7} = {E7A6315B-54E5-436A-86F5-D695F6AADF32}
		{6161042F-D991-454B-AD0F-9B1896C983CF} = {0DEFFAEB-9664-40AA-AAA9-46953CDD7399}
		{16431AB4-197D-4819-840C-2F9DA012E0D5} = {6161042F-D991-454B-AD0F-9B1896C983CF}
		{292FB807-96E8-45E8-A624-3371BF7E56AF} = {99983B03-46FF-47BF-9DC6-73AAF50B78C7}
		{D92666E4-F1B4-4603-BD71-1904A5036CC7} = {99983B03-46FF-47BF-9DC6-73AAF50B78C7}
		{572379A0-D1DD-41DD-B4EB-DE2B1743F002} = {0DEFFAEB-9664-40AA-AAA9-46953CDD7399}
		{8046DC06-1470-42A8-A125-98E18929F21A} = {572379A0-D1DD-41DD-B4EB-DE2B1743F002}
		{BA229781-1D37-4EEE-886F-BDB7272A1978} = {8046DC06-1470-42A8-A125-98E18929F21A}
		{A487E170-44BF-483E-A7CD-21A7CD2EF976} = {0DEFFAEB-9664-40AA-AAA9-46953CDD7399}
		{941392A3-5C56-42CA-A43D-C429C23B31AD} = {A487E170-44BF-483E-A7CD-21A7CD2EF976}
		{C2FECB2D-7434-4869-BCEB-9BBE6CBE3706} = {A487E170-44BF-483E-A7CD-21A7CD2EF976}
		{7B636B27-6625-46BF-8528-C4238EB166B9} = {A487E170-44BF-483E-A7CD-21A7CD2EF976}
	EndGlobalSection
EndGlobal
